{
  "object": {
    "pins": [
      {
        "package": "XiphiasNet",
        "repositoryURL": "https://github.com/kamaal111/XiphiasNet",
        "state": {
          "branch": null,
          "revision": "39c498cea74803ebd3ef42be73878e6087aa2924",
          "version": "3.1.0"
        }
      }
    ]
  },
  "version": 1
}
