{
  "object": {
    "pins": [
      {
        "package": "XiphiasNet",
        "repositoryURL": "https://github.com/kamaal111/XiphiasNet",
        "state": {
          "branch": null,
          "revision": "61116654108233924879320d86c4906667de0f40",
          "version": "6.0.0"
        }
      }
    ]
  },
  "version": 1
}
