{
  "object": {
    "pins": [
      {
        "package": "KamaalNetworker",
        "repositoryURL": "https://github.com/kamaal111/KamaalNetworker",
        "state": {
          "branch": null,
          "revision": "5652e100d0653cc2f5f79a2ae1466a37fc070f45",
          "version": "2.0.0"
        }
      }
    ]
  },
  "version": 1
}
